# THIS IS A MACHINE-GENERATED FILE. DO NOT EDIT MANUALLY.

[solution]
[solution.context]
solved = true
[[solution.state]]
crate = "canberra_ada"
fulfilment = "solved"
pinned = false
transitivity = "direct"
versions = "^2.0.0"
[solution.state.release]
authors = [
"onox",
]
description = "Ada 2012 bindings for libcanberra"
licenses = "Apache-2.0"
maintainers = [
"onox <denkpadje@gmail.com>",
]
maintainers-logins = [
"onox",
]
name = "canberra_ada"
tags = [
"canberra",
"audio",
"sound",
]
version = "2.0.1"
website = "https://github.com/onox/canberra-ada"
[solution.state.release.origin]
commit = "d70ce23f945535f68be6af4b3fb73d58f57b1d4c"
url = "git+https://github.com/onox/canberra-ada.git"
[[solution.state.release.depends-on]]
libcanberra = "~0.30.0"
[[solution.state]]
crate = "libcanberra"
fulfilment = "solved"
pinned = false
transitivity = "indirect"
versions = "~0.30.0"
[solution.state.release]
description = "A simple library for playing event sounds"
licenses = "LGPL-2.1-or-later"
maintainers = [
"onox <denkpadje@gmail.com>",
]
maintainers-logins = [
"onox",
]
name = "libcanberra"
notes = "Provided by system package: libcanberra-dev"
tags = [
"canberra",
"audio",
"sound",
]
version = "0.30.0"
website = "http://0pointer.net/lennart/projects/libcanberra"
[solution.state.release.origin]
url = "system:libcanberra-dev"
[[solution.state]]
crate = "weechat_ada"
fulfilment = "solved"
pinned = false
transitivity = "direct"
versions = "^2.0.0"
[solution.state.release]
authors = [
"onox",
]
description = "Ada 2012 library for WeeChat plug-ins"
licenses = "Apache-2.0"
maintainers = [
"onox <denkpadje@gmail.com>",
]
maintainers-logins = [
"onox",
]
name = "weechat_ada"
tags = [
"chat",
"irc",
"weechat",
]
version = "2.0.1"
website = "https://github.com/onox/weechat-ada"
[solution.state.release.origin]
commit = "fbd97f57775a24a3af432022279cfeb50b182800"
url = "git+https://github.com/onox/weechat-ada.git"

